{
    "requires": true,
    "lockfileVersion": 1,
    "dependencies": {
        "vuepress-theme-book": {
            "version": "0.0.5",
            "resolved": "https://registry.npmjs.org/vuepress-theme-book/-/vuepress-theme-book-0.0.5.tgz",
            "integrity": "sha512-8EK57LR/CW53/aft1HlC8UrbZ/W+ZvrlBgfsgYWSfa0QlSea4Q81KBoVkE8mGFjduzaLzudhFGw+Wa0CmghD+Q=="
        }
    }
}
